
Microsoft Visual Studio Solution File, Format Version 12.00
# Visual Studio Version 17
VisualStudioVersion = 17.7.34024.191
MinimumVisualStudioVersion = 10.0.40219.1
Project("{8BC9CEB8-8B4A-11D0-8D11-00A0C91BC942}") = "ConsoleApplication66", "ConsoleApplication66\ConsoleApplication66.vcxproj", "{74C3CA66-19FF-4046-A8F4-25CE468C3F00}"
EndProject
Global
	GlobalSection(SolutionConfigurationPlatforms) = preSolution
		Debug|x64 = Debug|x64
		Debug|x86 = Debug|x86
		Release|x64 = Release|x64
		Release|x86 = Release|x86
	EndGlobalSection
	GlobalSection(ProjectConfigurationPlatforms) = postSolution
		{74C3CA66-19FF-4046-A8F4-25CE468C3F00}.Debug|x64.ActiveCfg = Debug|x64
		{74C3CA66-19FF-4046-A8F4-25CE468C3F00}.Debug|x64.Build.0 = Debug|x64
		{74C3CA66-19FF-4046-A8F4-25CE468C3F00}.Debug|x86.ActiveCfg = Debug|Win32
		{74C3CA66-19FF-4046-A8F4-25CE468C3F00}.Debug|x86.Build.0 = Debug|Win32
		{74C3CA66-19FF-4046-A8F4-25CE468C3F00}.Release|x64.ActiveCfg = Release|x64
		{74C3CA66-19FF-4046-A8F4-25CE468C3F00}.Release|x64.Build.0 = Release|x64
		{74C3CA66-19FF-4046-A8F4-25CE468C3F00}.Release|x86.ActiveCfg = Release|Win32
		{74C3CA66-19FF-4046-A8F4-25CE468C3F00}.Release|x86.Build.0 = Release|Win32
	EndGlobalSection
	GlobalSection(SolutionProperties) = preSolution
		HideSolutionNode = FALSE
	EndGlobalSection
	GlobalSection(ExtensibilityGlobals) = postSolution
		SolutionGuid = {AC8801BD-246E-41F0-9D2E-9723E1309328}
	EndGlobalSection
EndGlobal
